
Microsoft Visual Studio Solution File, Format Version 12.00
# Visual Studio Version 16
VisualStudioVersion = 16.0.31129.286
MinimumVisualStudioVersion = 10.0.40219.1
Project("{FAE04EC0-301F-11D3-BF4B-00C04F79EFBC}") = "prjFinalDA3ErasteBokoYacov", "prjFinalDA3ErasteBokoYacov\prjFinalDA3ErasteBokoYacov.csproj", "{FBDBF89E-029F-4D6F-AA00-E50F9D1AFA18}"
EndProject
Global
	GlobalSection(SolutionConfigurationPlatforms) = preSolution
		Debug|Any CPU = Debug|Any CPU
		Release|Any CPU = Release|Any CPU
	EndGlobalSection
	GlobalSection(ProjectConfigurationPlatforms) = postSolution
		{FBDBF89E-029F-4D6F-AA00-E50F9D1AFA18}.Debug|Any CPU.ActiveCfg = Debug|Any CPU
		{FBDBF89E-029F-4D6F-AA00-E50F9D1AFA18}.Debug|Any CPU.Build.0 = Debug|Any CPU
		{FBDBF89E-029F-4D6F-AA00-E50F9D1AFA18}.Release|Any CPU.ActiveCfg = Release|Any CPU
		{FBDBF89E-029F-4D6F-AA00-E50F9D1AFA18}.Release|Any CPU.Build.0 = Release|Any CPU
	EndGlobalSection
	GlobalSection(SolutionProperties) = preSolution
		HideSolutionNode = FALSE
	EndGlobalSection
	GlobalSection(ExtensibilityGlobals) = postSolution
		SolutionGuid = {7170F69D-415E-4F9C-BBF4-5724D86FE3EC}
	EndGlobalSection
EndGlobal
